github.com/theNewDynamic/gohugo-theme-ananke v0.0.0-20221214160441-315a00623c9f h1:cf7PDZnHEHhrAQqeZrkuJdwU4esXxgq9p84e4KRJZes=
github.com/theNewDynamic/gohugo-theme-ananke v0.0.0-20221214160441-315a00623c9f/go.mod h1:yY14BLqqh5G61rO81YcJKMHY1rClY5iIiUK+K2JKSUM=
gitlab.com/kaushalmodi/hugo-mwe-theme v0.1.1 h1:FyTp43CJRpBfoHyWnwQFx//cipgP6xQ9/uucj+qjj1U=
gitlab.com/kaushalmodi/hugo-mwe-theme v0.1.1/go.mod h1:vvq0r/SfKMbiPbyqL4YottSOkpCkBSosqGRm82aDNrU=
